Microsoft Visual Studio Solution File, Format Version 11.00
# Visual Studio 2008

Project("{E43413FB-71EE-3EE8-743B-4119B9892609}") = "Parallaxis-Prototype-Unity", "Assembly-UnityScript.unityproj", "{4C2EE8F0-2E4C-CBA2-E7F6-378BA68C26FF}"
EndProject
Global
	GlobalSection(SolutionConfigurationPlatforms) = preSolution
		Debug|Any CPU = Debug|Any CPU
		Release|Any CPU = Release|Any CPU
	EndGlobalSection
	GlobalSection(ProjectConfigurationPlatforms) = postSolution
		{4C2EE8F0-2E4C-CBA2-E7F6-378BA68C26FF}.Debug|Any CPU.ActiveCfg = Debug|Any CPU
		{4C2EE8F0-2E4C-CBA2-E7F6-378BA68C26FF}.Debug|Any CPU.Build.0 = Debug|Any CPU
		{4C2EE8F0-2E4C-CBA2-E7F6-378BA68C26FF}.Release|Any CPU.ActiveCfg = Release|Any CPU
		{4C2EE8F0-2E4C-CBA2-E7F6-378BA68C26FF}.Release|Any CPU.Build.0 = Release|Any CPU
	EndGlobalSection
	GlobalSection(SolutionProperties) = preSolution
		HideSolutionNode = FALSE
	EndGlobalSection
		GlobalSection(MonoDevelopProperties) = preSolution
		StartupItem = Assembly-CSharp.csproj
		Policies = $0
		$0.TextStylePolicy = $1
		$1.inheritsSet = null
		$1.scope = text/x-csharp
		$0.CSharpFormattingPolicy = $2
		$2.inheritsSet = Mono
		$2.inheritsScope = text/x-csharp
		$2.scope = text/x-csharp
		$0.TextStylePolicy = $3
		$3.FileWidth = 120
		$3.TabWidth = 4
		$3.EolMarker = Unix
		$3.inheritsSet = Mono
		$3.inheritsScope = text/plain
		$3.scope = text/plain
	EndGlobalSection

EndGlobal
